PODS:
  - Alamofire (5.1.0)
  - SKActivityIndicatorView (1.0.0)

DEPENDENCIES:
  - Alamofire
  - SKActivityIndicatorView

SPEC REPOS:
  trunk:
    - Alamofire
    - SKActivityIndicatorView

SPEC CHECKSUMS:
  Alamofire: 9d5c5f602928e512395b30950c5984eca840093c
  SKActivityIndicatorView: 81c123380127ad497f9b57cd4d11347e40ab3427

PODFILE CHECKSUM: a9db927b6e0ee23f429e50da012dec0b7061e2e0

COCOAPODS: 1.10.1
